
Microsoft Visual Studio Solution File, Format Version 12.00
# Visual Studio 15
VisualStudioVersion = 15.0.27130.2003
MinimumVisualStudioVersion = 10.0.40219.1
Project("{FAE04EC0-301F-11D3-BF4B-00C04F79EFBC}") = "SystemSplit", "SystemSplit\SystemSplit.csproj", "{ADC7E9E5-1A79-4A82-B88C-34F1710DECC2}"
EndProject
Global
	GlobalSection(SolutionConfigurationPlatforms) = preSolution
		Debug|Any CPU = Debug|Any CPU
		Release|Any CPU = Release|Any CPU
	EndGlobalSection
	GlobalSection(ProjectConfigurationPlatforms) = postSolution
		{ADC7E9E5-1A79-4A82-B88C-34F1710DECC2}.Debug|Any CPU.ActiveCfg = Debug|Any CPU
		{ADC7E9E5-1A79-4A82-B88C-34F1710DECC2}.Debug|Any CPU.Build.0 = Debug|Any CPU
		{ADC7E9E5-1A79-4A82-B88C-34F1710DECC2}.Release|Any CPU.ActiveCfg = Release|Any CPU
		{ADC7E9E5-1A79-4A82-B88C-34F1710DECC2}.Release|Any CPU.Build.0 = Release|Any CPU
	EndGlobalSection
	GlobalSection(SolutionProperties) = preSolution
		HideSolutionNode = FALSE
	EndGlobalSection
	GlobalSection(ExtensibilityGlobals) = postSolution
		SolutionGuid = {6B7D14B3-F262-4938-93D5-6D9FD58D499A}
	EndGlobalSection
EndGlobal
